
Microsoft Visual Studio Solution File, Format Version 12.00
# Visual Studio Version 16
VisualStudioVersion = 16.0.31019.35
MinimumVisualStudioVersion = 10.0.40219.1
Project("{9A19103F-16F7-4668-BE54-9A1E7A4F7556}") = "EtoTest", "EtoTest\EtoTest\EtoTest.csproj", "{31C38664-2BF5-460D-9429-DE0178B38A1E}"
EndProject
Project("{9A19103F-16F7-4668-BE54-9A1E7A4F7556}") = "EtoTest.Gtk", "EtoTest\EtoTest.Gtk\EtoTest.Gtk.csproj", "{AE2909EA-064C-4BC7-9DDA-134C390361F8}"
EndProject
Project("{9A19103F-16F7-4668-BE54-9A1E7A4F7556}") = "EtoTest.Mac", "EtoTest\EtoTest.Mac\EtoTest.Mac.csproj", "{724B4F06-2CE3-4B36-BD14-95FB8C440268}"
EndProject
Project("{9A19103F-16F7-4668-BE54-9A1E7A4F7556}") = "EtoTest.WinForms", "EtoTest\EtoTest.Wpf\EtoTest.WinForms.csproj", "{AB1A0714-2F72-489C-A8FF-7F59ADC28E04}"
EndProject
Project("{9A19103F-16F7-4668-BE54-9A1E7A4F7556}") = "Matroska", "EtoTest\MatroskaTest\Matroska.csproj", "{05D33ED4-34BD-4550-9711-DD5351F3A0AB}"
EndProject
Project("{9A19103F-16F7-4668-BE54-9A1E7A4F7556}") = "ByteWritingTest", "ByteWritingTest\ByteWritingTest.csproj", "{0658F92C-7C90-4656-82C2-10A7758E10A8}"
EndProject
Project("{FAE04EC0-301F-11D3-BF4B-00C04F79EFBC}") = "Matroska.Test", "Matroska.Test\Matroska.Test.csproj", "{2713B750-7CAE-4B15-921E-E5548184C11A}"
EndProject
Project("{FAE04EC0-301F-11D3-BF4B-00C04F79EFBC}") = "VoidTest", "VoidTest\VoidTest.csproj", "{A1F15E1A-CD36-4AED-B2F0-0ADB817E1022}"
EndProject
Global
	GlobalSection(SolutionConfigurationPlatforms) = preSolution
		Debug|Any CPU = Debug|Any CPU
		Release|Any CPU = Release|Any CPU
	EndGlobalSection
	GlobalSection(ProjectConfigurationPlatforms) = postSolution
		{31C38664-2BF5-460D-9429-DE0178B38A1E}.Debug|Any CPU.ActiveCfg = Debug|Any CPU
		{31C38664-2BF5-460D-9429-DE0178B38A1E}.Debug|Any CPU.Build.0 = Debug|Any CPU
		{31C38664-2BF5-460D-9429-DE0178B38A1E}.Release|Any CPU.ActiveCfg = Release|Any CPU
		{31C38664-2BF5-460D-9429-DE0178B38A1E}.Release|Any CPU.Build.0 = Release|Any CPU
		{AE2909EA-064C-4BC7-9DDA-134C390361F8}.Debug|Any CPU.ActiveCfg = Debug|Any CPU
		{AE2909EA-064C-4BC7-9DDA-134C390361F8}.Debug|Any CPU.Build.0 = Debug|Any CPU
		{AE2909EA-064C-4BC7-9DDA-134C390361F8}.Release|Any CPU.ActiveCfg = Release|Any CPU
		{AE2909EA-064C-4BC7-9DDA-134C390361F8}.Release|Any CPU.Build.0 = Release|Any CPU
		{724B4F06-2CE3-4B36-BD14-95FB8C440268}.Debug|Any CPU.ActiveCfg = Debug|Any CPU
		{724B4F06-2CE3-4B36-BD14-95FB8C440268}.Debug|Any CPU.Build.0 = Debug|Any CPU
		{724B4F06-2CE3-4B36-BD14-95FB8C440268}.Release|Any CPU.ActiveCfg = Release|Any CPU
		{724B4F06-2CE3-4B36-BD14-95FB8C440268}.Release|Any CPU.Build.0 = Release|Any CPU
		{AB1A0714-2F72-489C-A8FF-7F59ADC28E04}.Debug|Any CPU.ActiveCfg = Debug|Any CPU
		{AB1A0714-2F72-489C-A8FF-7F59ADC28E04}.Debug|Any CPU.Build.0 = Debug|Any CPU
		{AB1A0714-2F72-489C-A8FF-7F59ADC28E04}.Release|Any CPU.ActiveCfg = Release|Any CPU
		{AB1A0714-2F72-489C-A8FF-7F59ADC28E04}.Release|Any CPU.Build.0 = Release|Any CPU
		{05D33ED4-34BD-4550-9711-DD5351F3A0AB}.Debug|Any CPU.ActiveCfg = Debug|Any CPU
		{05D33ED4-34BD-4550-9711-DD5351F3A0AB}.Debug|Any CPU.Build.0 = Debug|Any CPU
		{05D33ED4-34BD-4550-9711-DD5351F3A0AB}.Release|Any CPU.ActiveCfg = Release|Any CPU
		{05D33ED4-34BD-4550-9711-DD5351F3A0AB}.Release|Any CPU.Build.0 = Release|Any CPU
		{0658F92C-7C90-4656-82C2-10A7758E10A8}.Debug|Any CPU.ActiveCfg = Debug|Any CPU
		{0658F92C-7C90-4656-82C2-10A7758E10A8}.Debug|Any CPU.Build.0 = Debug|Any CPU
		{0658F92C-7C90-4656-82C2-10A7758E10A8}.Release|Any CPU.ActiveCfg = Release|Any CPU
		{0658F92C-7C90-4656-82C2-10A7758E10A8}.Release|Any CPU.Build.0 = Release|Any CPU
		{2713B750-7CAE-4B15-921E-E5548184C11A}.Debug|Any CPU.ActiveCfg = Debug|Any CPU
		{2713B750-7CAE-4B15-921E-E5548184C11A}.Debug|Any CPU.Build.0 = Debug|Any CPU
		{2713B750-7CAE-4B15-921E-E5548184C11A}.Release|Any CPU.ActiveCfg = Release|Any CPU
		{2713B750-7CAE-4B15-921E-E5548184C11A}.Release|Any CPU.Build.0 = Release|Any CPU
		{A1F15E1A-CD36-4AED-B2F0-0ADB817E1022}.Debug|Any CPU.ActiveCfg = Debug|Any CPU
		{A1F15E1A-CD36-4AED-B2F0-0ADB817E1022}.Debug|Any CPU.Build.0 = Debug|Any CPU
		{A1F15E1A-CD36-4AED-B2F0-0ADB817E1022}.Release|Any CPU.ActiveCfg = Release|Any CPU
		{A1F15E1A-CD36-4AED-B2F0-0ADB817E1022}.Release|Any CPU.Build.0 = Release|Any CPU
	EndGlobalSection
	GlobalSection(SolutionProperties) = preSolution
		HideSolutionNode = FALSE
	EndGlobalSection
	GlobalSection(ExtensibilityGlobals) = postSolution
		SolutionGuid = {97AC496B-FC0E-45E0-AF01-1DE5E12D0D50}
	EndGlobalSection
EndGlobal
